// !$*UTF8*$!
{
	archiveVersion = 1;
	classes = {
	};
	objectVersion = 46;
	objects = {

/* Begin PBXBuildFile section */
		2D045EE71F0E12AA00C7F492 /* 4-ways-cheer-up-depressed-cat.jpg in Resources */ = {isa = PBXBuildFile; fileRef = 2D045EE61F0E12AA00C7F492 /* 4-ways-cheer-up-depressed-cat.jpg */; };
		2DD735971F0DCFF900253E08 /* AppDelegate.swift in Sources */ = {isa = PBXBuildFile; fileRef = 2DD735961F0DCFF900253E08 /* AppDelegate.swift */; };
		2DD735991F0DCFF900253E08 /* ViewController.swift in Sources */ = {isa = PBXBuildFile; fileRef = 2DD735981F0DCFF900253E08 /* ViewController.swift */; };
		2DD7359C1F0DCFF900253E08 /* Main.storyboard in Resources */ = {isa = PBXBuildFile; fileRef = 2DD7359A1F0DCFF900253E08 /* Main.storyboard */; };
		2DD7359E1F0DCFF900253E08 /* Assets.xcassets in Resources */ = {isa = PBXBuildFile; fileRef = 2DD7359D1F0DCFF900253E08 /* Assets.xcassets */; };
		2DD735A11F0DCFF900253E08 /* LaunchScreen.storyboard in Resources */ = {isa = PBXBuildFile; fileRef = 2DD7359F1F0DCFF900253E08 /* LaunchScreen.storyboard */; };
/* End PBXBuildFile section */

/* Begin PBXFileReference section */
		2D045EE61F0E12AA00C7F492 /* 4-ways-cheer-up-depressed-cat.jpg */ = {isa = PBXFileReference; lastKnownFileType = image.jpeg; name = "4-ways-cheer-up-depressed-cat.jpg"; path = "../../../4-ways-cheer-up-depressed-cat.jpg"; sourceTree = "<group>"; };
		2DD735931F0DCFF900253E08 /* Hello World.app */ = {isa = PBXFileReference; explicitFileType = wrapper.application; includeInIndex = 0; path = "Hello World.app"; sourceTree = BUILT_PRODUCTS_DIR; };
		2DD735961F0DCFF900253E08 /* AppDelegate.swift */ = {isa = PBXFileReference; lastKnownFileType = sourcecode.swift; path = AppDelegate.swift; sourceTree = "<group>"; };
		2DD735981F0DCFF900253E08 /* ViewController.swift */ = {isa = PBXFileReference; lastKnownFileType = sourcecode.swift; path = ViewController.swift; sourceTree = "<group>"; };
		2DD7359B1F0DCFF900253E08 /* Base */ = {isa = PBXFileReference; lastKnownFileType = file.storyboard; name = Base; path = Base.lproj/Main.storyboard; sourceTree = "<group>"; };
		2DD7359D1F0DCFF900253E08 /* Assets.xcassets */ = {isa = PBXFileReference; lastKnownFileType = folder.assetcatalog; path = Assets.xcassets; sourceTree = "<group>"; };
		2DD735A01F0DCFF900253E08 /* Base */ = {isa = PBXFileReference; lastKnownFileType = file.storyboard; name = Base; path = Base.lproj/LaunchScreen.storyboard; sourceTree = "<group>"; };
		2DD735A21F0DCFF900253E08 /* Info.plist */ = {isa = PBXFileReference; lastKnownFileType = text.plist.xml; path = Info.plist; sourceTree = "<group>"; };
/* End PBXFileReference section */

/* Begin PBXFrameworksBuildPhase section */
		2DD735901F0DCFF900253E08 /* Frameworks */ = {
			isa = PBXFrameworksBuildPhase;
			buildActionMask = 2147483647;
			files = (
			);
			runOnlyForDeploymentPostprocessing = 0;
		};
/* End PBXFrameworksBuildPhase section */

/* Begin PBXGroup section */
		2DD7358A1F0DCFF800253E08 = {
			isa = PBXGroup;
			children = (
				2DD735951F0DCFF900253E08 /* Hello World */,
				2DD735941F0DCFF900253E08 /* Products */,
			);
			sourceTree = "<group>";
		};
		2DD735941F0DCFF900253E08 /* Products */ = {
			isa = PBXGroup;
			children = (
				2DD735931F0DCFF900253E08 /* Hello World.app */,
			);
			name = Products;
			sourceTree = "<group>";
		};
		2DD735951F0DCFF900253E08 /* Hello World */ = {
			isa = PBXGroup;
			children = (
				2DD735961F0DCFF900253E08 /* AppDelegate.swift */,
				2DD735981F0DCFF900253E08 /* ViewController.swift */,
				2DD7359A1F0DCFF900253E08 /* Main.storyboard */,
				2D045EE61F0E12AA00C7F492 /* 4-ways-cheer-up-depressed-cat.jpg */,
				2DD7359D1F0DCFF900253E08 /* Assets.xcassets */,
				2DD7359F1F0DCFF900253E08 /* LaunchScreen.storyboard */,
				2DD735A21F0DCFF900253E08 /* Info.plist */,
			);
			path = "Hello World";
			sourceTree = "<group>";
		};
/* End PBXGroup section */

/* Begin PBXNativeTarget section */
		2DD735921F0DCFF900253E08 /* Hello World */ = {
			isa = PBXNativeTarget;
			buildConfigurationList = 2DD735A51F0DCFF900253E08 /* Build configuration list for PBXNativeTarget "Hello World" */;
			buildPhases = (
				2DD7358F1F0DCFF900253E08 /* Sources */,
				2DD735901F0DCFF900253E08 /* Frameworks */,
				2DD735911F0DCFF900253E08 /* Resources */,
			);
			buildRules = (
			);
			dependencies = (
			);
			name = "Hello World";
			productName = "Hello World";
			productReference = 2DD735931F0DCFF900253E08 /* Hello World.app */;
			productType = "com.apple.product-type.application";
		};
/* End PBXNativeTarget section */

/* Begin PBXProject section */
		2DD7358B1F0DCFF800253E08 /* Project object */ = {
			isa = PBXProject;
			attributes = {
				LastSwiftUpdateCheck = 0830;
				LastUpgradeCheck = 0830;
				ORGANIZATIONNAME = Ajitesh;
				TargetAttributes = {
					2DD735921F0DCFF900253E08 = {
						CreatedOnToolsVersion = 8.3.3;
						ProvisioningStyle = Automatic;
					};
				};
			};
			buildConfigurationList = 2DD7358E1F0DCFF800253E08 /* Build configuration list for PBXProject "Hello World" */;
			compatibilityVersion = "Xcode 3.2";
			developmentRegion = English;
			hasScannedForEncodings = 0;
			knownRegions = (
				en,
				Base,
			);
			mainGroup = 2DD7358A1F0DCFF800253E08;
			productRefGroup = 2DD735941F0DCFF900253E08 /* Products */;
			projectDirPath = "";
			projectRoot = "";
			targets = (
				2DD735921F0DCFF900253E08 /* Hello World */,
			);
		};
/* End PBXProject section */

/* Begin PBXResourcesBuildPhase section */
		2DD735911F0DCFF900253E08 /* Resources */ = {
			isa = PBXResourcesBuildPhase;
			buildActionMask = 2147483647;
			files = (
				2D045EE71F0E12AA00C7F492 /* 4-ways-cheer-up-depressed-cat.jpg in Resources */,
				2DD735A11F0DCFF900253E08 /* LaunchScreen.storyboard in Resources */,
				2DD7359E1F0DCFF900253E08 /* Assets.xcassets in Resources */,
				2DD7359C1F0DCFF900253E08 /* Main.storyboard in Resources */,
			);
			runOnlyForDeploymentPostprocessing = 0;
		};
/* End PBXResourcesBuildPhase section */

/* Begin PBXSourcesBuildPhase section */
		2DD7358F1F0DCFF900253E08 /* Sources */ = {
			isa = PBXSourcesBuildPhase;
			buildActionMask = 2147483647;
			files = (
				2DD735991F0DCFF900253E08 /* ViewController.swift in Sources */,
				2DD735971F0DCFF900253E08 /* AppDelegate.swift in Sources */,
			);
			runOnlyForDeploymentPostprocessing = 0;
		};
/* End PBXSourcesBuildPhase section */

/* Begin PBXVariantGroup section */
		2DD7359A1F0DCFF900253E08 /* Main.storyboard */ = {
			isa = PBXVariantGroup;
			children = (
				2DD7359B1F0DCFF900253E08 /* Base */,
			);
			name = Main.storyboard;
			sourceTree = "<group>";
		};
		2DD7359F1F0DCFF900253E08 /* LaunchScreen.storyboard */ = {
			isa = PBXVariantGroup;
			children = (
				2DD735A01F0DCFF900253E08 /* Base */,
			);
			name = LaunchScreen.storyboard;
			sourceTree = "<group>";
		};
/* End PBXVariantGroup section */

/* Begin XCBuildConfiguration section */
		2DD735A31F0DCFF900253E08 /* Debug */ = {
			isa = XCBuildConfiguration;
			buildSettings = {
				ALWAYS_SEARCH_USER_PATHS = NO;
				CLANG_ANALYZER_NONNULL = YES;
				CLANG_ANALYZER_NUMBER_OBJECT_CONVERSION = YES_AGGRESSIVE;
				CLANG_CXX_LANGUAGE_STANDARD = "gnu++0x";
				CLANG_CXX_LIBRARY = "libc++";
				CLANG_ENABLE_MODULES = YES;
				CLANG_ENABLE_OBJC_ARC = YES;
				CLANG_WARN_BOOL_CONVERSION = YES;
				CLANG_WARN_CONSTANT_CONVERSION = YES;
				CLANG_WARN_DIRECT_OBJC_ISA_USAGE = YES_ERROR;
				CLANG_WARN_DOCUMENTATION_COMMENTS = YES;
				CLANG_WARN_EMPTY_BODY = YES;
				CLANG_WARN_ENUM_CONVERSION = YES;
				CLANG_WARN_INFINITE_RECURSION = YES;
				CLANG_WARN_INT_CONVERSION = YES;
				CLANG_WARN_OBJC_ROOT_CLASS = YES_ERROR;
				CLANG_WARN_SUSPICIOUS_MOVE = YES;
				CLANG_WARN_UNREACHABLE_CODE = YES;
				CLANG_WARN__DUPLICATE_METHOD_MATCH = YES;
				"CODE_SIGN_IDENTITY[sdk=iphoneos*]" = "iPhone Developer";
				COPY_PHASE_STRIP = NO;
				DEBUG_INFORMATION_FORMAT = dwarf;
				ENABLE_STRICT_OBJC_MSGSEND = YES;
				ENABLE_TESTABILITY = YES;
				GCC_C_LANGUAGE_STANDARD = gnu99;
				GCC_DYNAMIC_NO_PIC = NO;
				GCC_NO_COMMON_BLOCKS = YES;
				GCC_OPTIMIZATION_LEVEL = 0;
				GCC_PREPROCESSOR_DEFINITIONS = (
					"DEBUG=1",
					"$(inherited)",
				);
				GCC_WARN_64_TO_32_BIT_CONVERSION = YES;
				GCC_WARN_ABOUT_RETURN_TYPE = YES_ERROR;
				GCC_WARN_UNDECLARED_SELECTOR = YES;
				GCC_WARN_UNINITIALIZED_AUTOS = YES_AGGRESSIVE;
				GCC_WARN_UNUSED_FUNCTION = YES;
				GCC_WARN_UNUSED_VARIABLE = YES;
				IPHONEOS_DEPLOYMENT_TARGET = 10.3;
				MTL_ENABLE_DEBUG_INFO = YES;
				ONLY_ACTIVE_ARCH = YES;
				SDKROOT = iphoneos;
				SWIFT_ACTIVE_COMPILATION_CONDITIONS = DEBUG;
				SWIFT_OPTIMIZATION_LEVEL = "-Onone";
			};
			name = Debug;
		};
		2DD735A41F0DCFF900253E08 /* Release */ = {
			isa = XCBuildConfiguration;
			buildSettings = {
				ALWAYS_SEARCH_USER_PATHS = NO;
				CLANG_ANALYZER_NONNULL = YES;
				CLANG_ANALYZER_NUMBER_OBJECT_CONVERSION = YES_AGGRESSIVE;
				CLANG_CXX_LANGUAGE_STANDARD = "gnu++0x";
				CLANG_CXX_LIBRARY = "libc++";
				CLANG_ENABLE_MODULES = YES;
				CLANG_ENABLE_OBJC_ARC = YES;
				CLANG_WARN_BOOL_CONVERSION = YES;
				CLANG_WARN_CONSTANT_CONVERSION = YES;
				CLANG_WARN_DIRECT_OBJC_ISA_USAGE = YES_ERROR;
				CLANG_WARN_DOCUMENTATION_COMMENTS = YES;
				CLANG_WARN_EMPTY_BODY = YES;
				CLANG_WARN_ENUM_CONVERSION = YES;
				CLANG_WARN_INFINITE_RECURSION = YES;
				CLANG_WARN_INT_CONVERSION = YES;
				CLANG_WARN_OBJC_ROOT_CLASS = YES_ERROR;
				CLANG_WARN_SUSPICIOUS_MOVE = YES;
				CLANG_WARN_UNREACHABLE_CODE = YES;
				CLANG_WARN__DUPLICATE_METHOD_MATCH = YES;
				"CODE_SIGN_IDENTITY[sdk=iphoneos*]" = "iPhone Developer";
				COPY_PHASE_STRIP = NO;
				DEBUG_INFORMATION_FORMAT = "dwarf-with-dsym";
				ENABLE_NS_ASSERTIONS = NO;
				ENABLE_STRICT_OBJC_MSGSEND = YES;
				GCC_C_LANGUAGE_STANDARD = gnu99;
				GCC_NO_COMMON_BLOCKS = YES;
				GCC_WARN_64_TO_32_BIT_CONVERSION = YES;
				GCC_WARN_ABOUT_RETURN_TYPE = YES_ERROR;
				GCC_WARN_UNDECLARED_SELECTOR = YES;
				GCC_WARN_UNINITIALIZED_AUTOS = YES_AGGRESSIVE;
				GCC_WARN_UNUSED_FUNCTION = YES;
				GCC_WARN_UNUSED_VARIABLE = YES;
				IPHONEOS_DEPLOYMENT_TARGET = 10.3;
				MTL_ENABLE_DEBUG_INFO = NO;
				SDKROOT = iphoneos;
				SWIFT_OPTIMIZATION_LEVEL = "-Owholemodule";
				VALIDATE_PRODUCT = YES;
			};
			name = Release;
		};
		2DD735A61F0DCFF900253E08 /* Debug */ = {
			isa = XCBuildConfiguration;
			buildSettings = {
				ASSETCATALOG_COMPILER_APPICON_NAME = AppIcon;
				INFOPLIST_FILE = "Hello World/Info.plist";
				LD_RUNPATH_SEARCH_PATHS = "$(inherited) @executable_path/Frameworks";
				PRODUCT_BUNDLE_IDENTIFIER = "com.ajitesh.Hello-World";
				PRODUCT_NAME = "$(TARGET_NAME)";
				SWIFT_VERSION = 3.0;
			};
			name = Debug;
		};
		2DD735A71F0DCFF900253E08 /* Release */ = {
			isa = XCBuildConfiguration;
			buildSettings = {
				ASSETCATALOG_COMPILER_APPICON_NAME = AppIcon;
				INFOPLIST_FILE = "Hello World/Info.plist";
				LD_RUNPATH_SEARCH_PATHS = "$(inherited) @executable_path/Frameworks";
				PRODUCT_BUNDLE_IDENTIFIER = "com.ajitesh.Hello-World";
				PRODUCT_NAME = "$(TARGET_NAME)";
				SWIFT_VERSION = 3.0;
			};
			name = Release;
		};
/* End XCBuildConfiguration section */

/* Begin XCConfigurationList section */
		2DD7358E1F0DCFF800253E08 /* Build configuration list for PBXProject "Hello World" */ = {
			isa = XCConfigurationList;
			buildConfigurations = (
				2DD735A31F0DCFF900253E08 /* Debug */,
				2DD735A41F0DCFF900253E08 /* Release */,
			);
			defaultConfigurationIsVisible = 0;
			defaultConfigurationName = Release;
		};
		2DD735A51F0DCFF900253E08 /* Build configuration list for PBXNativeTarget "Hello World" */ = {
			isa = XCConfigurationList;
			buildConfigurations = (
				2DD735A61F0DCFF900253E08 /* Debug */,
				2DD735A71F0DCFF900253E08 /* Release */,
			);
			defaultConfigurationIsVisible = 0;
			defaultConfigurationName = Release;
		};
/* End XCConfigurationList section */
	};
	rootObject = 2DD7358B1F0DCFF800253E08 /* Project object */;
}
